// !$*UTF8*$!
{
	archiveVersion = 1;
	classes = {
	};
	objectVersion = 56;
	objects = {

/* Begin PBXBuildFile section */
		4312B7AD29C2B9E7001BA9CC /* Constants.swift in Sources */ = {isa = PBXBuildFile; fileRef = 4312B7AC29C2B9E7001BA9CC /* Constants.swift */; };
		4312B7AF29C2BA3B001BA9CC /* OpenAIService.swift in Sources */ = {isa = PBXBuildFile; fileRef = 4312B7AE29C2BA3B001BA9CC /* OpenAIService.swift */; };
		4312B7B229C2BAED001BA9CC /* Alamofire in Frameworks */ = {isa = PBXBuildFile; productRef = 4312B7B129C2BAED001BA9CC /* Alamofire */; };
		438364A929C1977200C5EF36 /* HealthGPTApp.swift in Sources */ = {isa = PBXBuildFile; fileRef = 438364A829C1977200C5EF36 /* HealthGPTApp.swift */; };
		438364AB29C1977200C5EF36 /* ContentView.swift in Sources */ = {isa = PBXBuildFile; fileRef = 438364AA29C1977200C5EF36 /* ContentView.swift */; };
		438364AD29C1977400C5EF36 /* Assets.xcassets in Resources */ = {isa = PBXBuildFile; fileRef = 438364AC29C1977400C5EF36 /* Assets.xcassets */; };
		438364B029C1977400C5EF36 /* Preview Assets.xcassets in Resources */ = {isa = PBXBuildFile; fileRef = 438364AF29C1977400C5EF36 /* Preview Assets.xcassets */; };
		438364BA29C1977400C5EF36 /* HealthGPTTests.swift in Sources */ = {isa = PBXBuildFile; fileRef = 438364B929C1977400C5EF36 /* HealthGPTTests.swift */; };
		438364C429C1977400C5EF36 /* HealthGPTUITests.swift in Sources */ = {isa = PBXBuildFile; fileRef = 438364C329C1977400C5EF36 /* HealthGPTUITests.swift */; };
		438364C629C1977400C5EF36 /* HealthGPTUITestsLaunchTests.swift in Sources */ = {isa = PBXBuildFile; fileRef = 438364C529C1977400C5EF36 /* HealthGPTUITestsLaunchTests.swift */; };
		438364D529C197CA00C5EF36 /* HealthKit.framework in Frameworks */ = {isa = PBXBuildFile; fileRef = 438364D329C197C900C5EF36 /* HealthKit.framework */; };
		438364D629C197CA00C5EF36 /* HealthKitUI.framework in Frameworks */ = {isa = PBXBuildFile; fileRef = 438364D429C197C900C5EF36 /* HealthKitUI.framework */; };
/* End PBXBuildFile section */

/* Begin PBXContainerItemProxy section */
		438364B629C1977400C5EF36 /* PBXContainerItemProxy */ = {
			isa = PBXContainerItemProxy;
			containerPortal = 4383649D29C1977200C5EF36 /* Project object */;
			proxyType = 1;
			remoteGlobalIDString = 438364A429C1977200C5EF36;
			remoteInfo = HealthGPT;
		};
		438364C029C1977400C5EF36 /* PBXContainerItemProxy */ = {
			isa = PBXContainerItemProxy;
			containerPortal = 4383649D29C1977200C5EF36 /* Project object */;
			proxyType = 1;
			remoteGlobalIDString = 438364A429C1977200C5EF36;
			remoteInfo = HealthGPT;
		};
/* End PBXContainerItemProxy section */

/* Begin PBXFileReference section */
		4312B7AC29C2B9E7001BA9CC /* Constants.swift */ = {isa = PBXFileReference; lastKnownFileType = sourcecode.swift; path = Constants.swift; sourceTree = "<group>"; };
		4312B7AE29C2BA3B001BA9CC /* OpenAIService.swift */ = {isa = PBXFileReference; lastKnownFileType = sourcecode.swift; path = OpenAIService.swift; sourceTree = "<group>"; };
		438364A529C1977200C5EF36 /* HealthGPT.app */ = {isa = PBXFileReference; explicitFileType = wrapper.application; includeInIndex = 0; path = HealthGPT.app; sourceTree = BUILT_PRODUCTS_DIR; };
		438364A829C1977200C5EF36 /* HealthGPTApp.swift */ = {isa = PBXFileReference; lastKnownFileType = sourcecode.swift; path = HealthGPTApp.swift; sourceTree = "<group>"; };
		438364AA29C1977200C5EF36 /* ContentView.swift */ = {isa = PBXFileReference; lastKnownFileType = sourcecode.swift; path = ContentView.swift; sourceTree = "<group>"; };
		438364AC29C1977400C5EF36 /* Assets.xcassets */ = {isa = PBXFileReference; lastKnownFileType = folder.assetcatalog; path = Assets.xcassets; sourceTree = "<group>"; };
		438364AF29C1977400C5EF36 /* Preview Assets.xcassets */ = {isa = PBXFileReference; lastKnownFileType = folder.assetcatalog; path = "Preview Assets.xcassets"; sourceTree = "<group>"; };
		438364B529C1977400C5EF36 /* HealthGPTTests.xctest */ = {isa = PBXFileReference; explicitFileType = wrapper.cfbundle; includeInIndex = 0; path = HealthGPTTests.xctest; sourceTree = BUILT_PRODUCTS_DIR; };
		438364B929C1977400C5EF36 /* HealthGPTTests.swift */ = {isa = PBXFileReference; lastKnownFileType = sourcecode.swift; path = HealthGPTTests.swift; sourceTree = "<group>"; };
		438364BF29C1977400C5EF36 /* HealthGPTUITests.xctest */ = {isa = PBXFileReference; explicitFileType = wrapper.cfbundle; includeInIndex = 0; path = HealthGPTUITests.xctest; sourceTree = BUILT_PRODUCTS_DIR; };
		438364C329C1977400C5EF36 /* HealthGPTUITests.swift */ = {isa = PBXFileReference; lastKnownFileType = sourcecode.swift; path = HealthGPTUITests.swift; sourceTree = "<group>"; };
		438364C529C1977400C5EF36 /* HealthGPTUITestsLaunchTests.swift */ = {isa = PBXFileReference; lastKnownFileType = sourcecode.swift; path = HealthGPTUITestsLaunchTests.swift; sourceTree = "<group>"; };
		438364D329C197C900C5EF36 /* HealthKit.framework */ = {isa = PBXFileReference; lastKnownFileType = wrapper.framework; name = HealthKit.framework; path = System/Library/Frameworks/HealthKit.framework; sourceTree = SDKROOT; };
		438364D429C197C900C5EF36 /* HealthKitUI.framework */ = {isa = PBXFileReference; lastKnownFileType = wrapper.framework; name = HealthKitUI.framework; path = System/Library/Frameworks/HealthKitUI.framework; sourceTree = SDKROOT; };
/* End PBXFileReference section */

/* Begin PBXFrameworksBuildPhase section */
		438364A229C1977200C5EF36 /* Frameworks */ = {
			isa = PBXFrameworksBuildPhase;
			buildActionMask = 2147483647;
			files = (
				4312B7B229C2BAED001BA9CC /* Alamofire in Frameworks */,
				438364D529C197CA00C5EF36 /* HealthKit.framework in Frameworks */,
				438364D629C197CA00C5EF36 /* HealthKitUI.framework in Frameworks */,
			);
			runOnlyForDeploymentPostprocessing = 0;
		};
		438364B229C1977400C5EF36 /* Frameworks */ = {
			isa = PBXFrameworksBuildPhase;
			buildActionMask = 2147483647;
			files = (
			);
			runOnlyForDeploymentPostprocessing = 0;
		};
		438364BC29C1977400C5EF36 /* Frameworks */ = {
			isa = PBXFrameworksBuildPhase;
			buildActionMask = 2147483647;
			files = (
			);
			runOnlyForDeploymentPostprocessing = 0;
		};
/* End PBXFrameworksBuildPhase section */

/* Begin PBXGroup section */
		4383649C29C1977200C5EF36 = {
			isa = PBXGroup;
			children = (
				438364A729C1977200C5EF36 /* HealthGPT */,
				438364B829C1977400C5EF36 /* HealthGPTTests */,
				438364C229C1977400C5EF36 /* HealthGPTUITests */,
				438364A629C1977200C5EF36 /* Products */,
				438364D229C197C900C5EF36 /* Frameworks */,
			);
			sourceTree = "<group>";
		};
		438364A629C1977200C5EF36 /* Products */ = {
			isa = PBXGroup;
			children = (
				438364A529C1977200C5EF36 /* HealthGPT.app */,
				438364B529C1977400C5EF36 /* HealthGPTTests.xctest */,
				438364BF29C1977400C5EF36 /* HealthGPTUITests.xctest */,
			);
			name = Products;
			sourceTree = "<group>";
		};
		438364A729C1977200C5EF36 /* HealthGPT */ = {
			isa = PBXGroup;
			children = (
				438364A829C1977200C5EF36 /* HealthGPTApp.swift */,
				438364AA29C1977200C5EF36 /* ContentView.swift */,
				438364AC29C1977400C5EF36 /* Assets.xcassets */,
				438364AE29C1977400C5EF36 /* Preview Content */,
				4312B7AC29C2B9E7001BA9CC /* Constants.swift */,
				4312B7AE29C2BA3B001BA9CC /* OpenAIService.swift */,
			);
			path = HealthGPT;
			sourceTree = "<group>";
		};
		438364AE29C1977400C5EF36 /* Preview Content */ = {
			isa = PBXGroup;
			children = (
				438364AF29C1977400C5EF36 /* Preview Assets.xcassets */,
			);
			path = "Preview Content";
			sourceTree = "<group>";
		};
		438364B829C1977400C5EF36 /* HealthGPTTests */ = {
			isa = PBXGroup;
			children = (
				438364B929C1977400C5EF36 /* HealthGPTTests.swift */,
			);
			path = HealthGPTTests;
			sourceTree = "<group>";
		};
		438364C229C1977400C5EF36 /* HealthGPTUITests */ = {
			isa = PBXGroup;
			children = (
				438364C329C1977400C5EF36 /* HealthGPTUITests.swift */,
				438364C529C1977400C5EF36 /* HealthGPTUITestsLaunchTests.swift */,
			);
			path = HealthGPTUITests;
			sourceTree = "<group>";
		};
		438364D229C197C900C5EF36 /* Frameworks */ = {
			isa = PBXGroup;
			children = (
				438364D329C197C900C5EF36 /* HealthKit.framework */,
				438364D429C197C900C5EF36 /* HealthKitUI.framework */,
			);
			name = Frameworks;
			sourceTree = "<group>";
		};
/* End PBXGroup section */

/* Begin PBXNativeTarget section */
		438364A429C1977200C5EF36 /* HealthGPT */ = {
			isa = PBXNativeTarget;
			buildConfigurationList = 438364C929C1977400C5EF36 /* Build configuration list for PBXNativeTarget "HealthGPT" */;
			buildPhases = (
				438364A129C1977200C5EF36 /* Sources */,
				438364A229C1977200C5EF36 /* Frameworks */,
				438364A329C1977200C5EF36 /* Resources */,
			);
			buildRules = (
			);
			dependencies = (
			);
			name = HealthGPT;
			packageProductDependencies = (
				4312B7B129C2BAED001BA9CC /* Alamofire */,
			);
			productName = HealthGPT;
			productReference = 438364A529C1977200C5EF36 /* HealthGPT.app */;
			productType = "com.apple.product-type.application";
		};
		438364B429C1977400C5EF36 /* HealthGPTTests */ = {
			isa = PBXNativeTarget;
			buildConfigurationList = 438364CC29C1977400C5EF36 /* Build configuration list for PBXNativeTarget "HealthGPTTests" */;
			buildPhases = (
				438364B129C1977400C5EF36 /* Sources */,
				438364B229C1977400C5EF36 /* Frameworks */,
				438364B329C1977400C5EF36 /* Resources */,
			);
			buildRules = (
			);
			dependencies = (
				438364B729C1977400C5EF36 /* PBXTargetDependency */,
			);
			name = HealthGPTTests;
			productName = HealthGPTTests;
			productReference = 438364B529C1977400C5EF36 /* HealthGPTTests.xctest */;
			productType = "com.apple.product-type.bundle.unit-test";
		};
		438364BE29C1977400C5EF36 /* HealthGPTUITests */ = {
			isa = PBXNativeTarget;
			buildConfigurationList = 438364CF29C1977400C5EF36 /* Build configuration list for PBXNativeTarget "HealthGPTUITests" */;
			buildPhases = (
				438364BB29C1977400C5EF36 /* Sources */,
				438364BC29C1977400C5EF36 /* Frameworks */,
				438364BD29C1977400C5EF36 /* Resources */,
			);
			buildRules = (
			);
			dependencies = (
				438364C129C1977400C5EF36 /* PBXTargetDependency */,
			);
			name = HealthGPTUITests;
			productName = HealthGPTUITests;
			productReference = 438364BF29C1977400C5EF36 /* HealthGPTUITests.xctest */;
			productType = "com.apple.product-type.bundle.ui-testing";
		};
/* End PBXNativeTarget section */

/* Begin PBXProject section */
		4383649D29C1977200C5EF36 /* Project object */ = {
			isa = PBXProject;
			attributes = {
				BuildIndependentTargetsInParallel = 1;
				LastSwiftUpdateCheck = 1420;
				LastUpgradeCheck = 1420;
				TargetAttributes = {
					438364A429C1977200C5EF36 = {
						CreatedOnToolsVersion = 14.2;
					};
					438364B429C1977400C5EF36 = {
						CreatedOnToolsVersion = 14.2;
						TestTargetID = 438364A429C1977200C5EF36;
					};
					438364BE29C1977400C5EF36 = {
						CreatedOnToolsVersion = 14.2;
						TestTargetID = 438364A429C1977200C5EF36;
					};
				};
			};
			buildConfigurationList = 438364A029C1977200C5EF36 /* Build configuration list for PBXProject "HealthGPT" */;
			compatibilityVersion = "Xcode 14.0";
			developmentRegion = en;
			hasScannedForEncodings = 0;
			knownRegions = (
				en,
				Base,
			);
			mainGroup = 4383649C29C1977200C5EF36;
			packageReferences = (
				4312B7B029C2BAED001BA9CC /* XCRemoteSwiftPackageReference "Alamofire" */,
			);
			productRefGroup = 438364A629C1977200C5EF36 /* Products */;
			projectDirPath = "";
			projectRoot = "";
			targets = (
				438364A429C1977200C5EF36 /* HealthGPT */,
				438364B429C1977400C5EF36 /* HealthGPTTests */,
				438364BE29C1977400C5EF36 /* HealthGPTUITests */,
			);
		};
/* End PBXProject section */

/* Begin PBXResourcesBuildPhase section */
		438364A329C1977200C5EF36 /* Resources */ = {
			isa = PBXResourcesBuildPhase;
			buildActionMask = 2147483647;
			files = (
				438364B029C1977400C5EF36 /* Preview Assets.xcassets in Resources */,
				438364AD29C1977400C5EF36 /* Assets.xcassets in Resources */,
			);
			runOnlyForDeploymentPostprocessing = 0;
		};
		438364B329C1977400C5EF36 /* Resources */ = {
			isa = PBXResourcesBuildPhase;
			buildActionMask = 2147483647;
			files = (
			);
			runOnlyForDeploymentPostprocessing = 0;
		};
		438364BD29C1977400C5EF36 /* Resources */ = {
			isa = PBXResourcesBuildPhase;
			buildActionMask = 2147483647;
			files = (
			);
			runOnlyForDeploymentPostprocessing = 0;
		};
/* End PBXResourcesBuildPhase section */

/* Begin PBXSourcesBuildPhase section */
		438364A129C1977200C5EF36 /* Sources */ = {
			isa = PBXSourcesBuildPhase;
			buildActionMask = 2147483647;
			files = (
				438364AB29C1977200C5EF36 /* ContentView.swift in Sources */,
				438364A929C1977200C5EF36 /* HealthGPTApp.swift in Sources */,
				4312B7AD29C2B9E7001BA9CC /* Constants.swift in Sources */,
				4312B7AF29C2BA3B001BA9CC /* OpenAIService.swift in Sources */,
			);
			runOnlyForDeploymentPostprocessing = 0;
		};
		438364B129C1977400C5EF36 /* Sources */ = {
			isa = PBXSourcesBuildPhase;
			buildActionMask = 2147483647;
			files = (
				438364BA29C1977400C5EF36 /* HealthGPTTests.swift in Sources */,
			);
			runOnlyForDeploymentPostprocessing = 0;
		};
		438364BB29C1977400C5EF36 /* Sources */ = {
			isa = PBXSourcesBuildPhase;
			buildActionMask = 2147483647;
			files = (
				438364C629C1977400C5EF36 /* HealthGPTUITestsLaunchTests.swift in Sources */,
				438364C429C1977400C5EF36 /* HealthGPTUITests.swift in Sources */,
			);
			runOnlyForDeploymentPostprocessing = 0;
		};
/* End PBXSourcesBuildPhase section */

/* Begin PBXTargetDependency section */
		438364B729C1977400C5EF36 /* PBXTargetDependency */ = {
			isa = PBXTargetDependency;
			target = 438364A429C1977200C5EF36 /* HealthGPT */;
			targetProxy = 438364B629C1977400C5EF36 /* PBXContainerItemProxy */;
		};
		438364C129C1977400C5EF36 /* PBXTargetDependency */ = {
			isa = PBXTargetDependency;
			target = 438364A429C1977200C5EF36 /* HealthGPT */;
			targetProxy = 438364C029C1977400C5EF36 /* PBXContainerItemProxy */;
		};
/* End PBXTargetDependency section */

/* Begin XCBuildConfiguration section */
		438364C729C1977400C5EF36 /* Debug */ = {
			isa = XCBuildConfiguration;
			buildSettings = {
				ALWAYS_SEARCH_USER_PATHS = NO;
				CLANG_ANALYZER_NONNULL = YES;
				CLANG_ANALYZER_NUMBER_OBJECT_CONVERSION = YES_AGGRESSIVE;
				CLANG_CXX_LANGUAGE_STANDARD = "gnu++20";
				CLANG_ENABLE_MODULES = YES;
				CLANG_ENABLE_OBJC_ARC = YES;
				CLANG_ENABLE_OBJC_WEAK = YES;
				CLANG_WARN_BLOCK_CAPTURE_AUTORELEASING = YES;
				CLANG_WARN_BOOL_CONVERSION = YES;
				CLANG_WARN_COMMA = YES;
				CLANG_WARN_CONSTANT_CONVERSION = YES;
				CLANG_WARN_DEPRECATED_OBJC_IMPLEMENTATIONS = YES;
				CLANG_WARN_DIRECT_OBJC_ISA_USAGE = YES_ERROR;
				CLANG_WARN_DOCUMENTATION_COMMENTS = YES;
				CLANG_WARN_EMPTY_BODY = YES;
				CLANG_WARN_ENUM_CONVERSION = YES;
				CLANG_WARN_INFINITE_RECURSION = YES;
				CLANG_WARN_INT_CONVERSION = YES;
				CLANG_WARN_NON_LITERAL_NULL_CONVERSION = YES;
				CLANG_WARN_OBJC_IMPLICIT_RETAIN_SELF = YES;
				CLANG_WARN_OBJC_LITERAL_CONVERSION = YES;
				CLANG_WARN_OBJC_ROOT_CLASS = YES_ERROR;
				CLANG_WARN_QUOTED_INCLUDE_IN_FRAMEWORK_HEADER = YES;
				CLANG_WARN_RANGE_LOOP_ANALYSIS = YES;
				CLANG_WARN_STRICT_PROTOTYPES = YES;
				CLANG_WARN_SUSPICIOUS_MOVE = YES;
				CLANG_WARN_UNGUARDED_AVAILABILITY = YES_AGGRESSIVE;
				CLANG_WARN_UNREACHABLE_CODE = YES;
				CLANG_WARN__DUPLICATE_METHOD_MATCH = YES;
				COPY_PHASE_STRIP = NO;
				DEBUG_INFORMATION_FORMAT = dwarf;
				ENABLE_STRICT_OBJC_MSGSEND = YES;
				ENABLE_TESTABILITY = YES;
				GCC_C_LANGUAGE_STANDARD = gnu11;
				GCC_DYNAMIC_NO_PIC = NO;
				GCC_NO_COMMON_BLOCKS = YES;
				GCC_OPTIMIZATION_LEVEL = 0;
				GCC_PREPROCESSOR_DEFINITIONS = (
					"DEBUG=1",
					"$(inherited)",
				);
				GCC_WARN_64_TO_32_BIT_CONVERSION = YES;
				GCC_WARN_ABOUT_RETURN_TYPE = YES_ERROR;
				GCC_WARN_UNDECLARED_SELECTOR = YES;
				GCC_WARN_UNINITIALIZED_AUTOS = YES_AGGRESSIVE;
				GCC_WARN_UNUSED_FUNCTION = YES;
				GCC_WARN_UNUSED_VARIABLE = YES;
				IPHONEOS_DEPLOYMENT_TARGET = 16.2;
				MTL_ENABLE_DEBUG_INFO = INCLUDE_SOURCE;
				MTL_FAST_MATH = YES;
				ONLY_ACTIVE_ARCH = YES;
				SDKROOT = iphoneos;
				SWIFT_ACTIVE_COMPILATION_CONDITIONS = DEBUG;
				SWIFT_OPTIMIZATION_LEVEL = "-Onone";
			};
			name = Debug;
		};
		438364C829C1977400C5EF36 /* Release */ = {
			isa = XCBuildConfiguration;
			buildSettings = {
				ALWAYS_SEARCH_USER_PATHS = NO;
				CLANG_ANALYZER_NONNULL = YES;
				CLANG_ANALYZER_NUMBER_OBJECT_CONVERSION = YES_AGGRESSIVE;
				CLANG_CXX_LANGUAGE_STANDARD = "gnu++20";
				CLANG_ENABLE_MODULES = YES;
				CLANG_ENABLE_OBJC_ARC = YES;
				CLANG_ENABLE_OBJC_WEAK = YES;
				CLANG_WARN_BLOCK_CAPTURE_AUTORELEASING = YES;
				CLANG_WARN_BOOL_CONVERSION = YES;
				CLANG_WARN_COMMA = YES;
				CLANG_WARN_CONSTANT_CONVERSION = YES;
				CLANG_WARN_DEPRECATED_OBJC_IMPLEMENTATIONS = YES;
				CLANG_WARN_DIRECT_OBJC_ISA_USAGE = YES_ERROR;
				CLANG_WARN_DOCUMENTATION_COMMENTS = YES;
				CLANG_WARN_EMPTY_BODY = YES;
				CLANG_WARN_ENUM_CONVERSION = YES;
				CLANG_WARN_INFINITE_RECURSION = YES;
				CLANG_WARN_INT_CONVERSION = YES;
				CLANG_WARN_NON_LITERAL_NULL_CONVERSION = YES;
				CLANG_WARN_OBJC_IMPLICIT_RETAIN_SELF = YES;
				CLANG_WARN_OBJC_LITERAL_CONVERSION = YES;
				CLANG_WARN_OBJC_ROOT_CLASS = YES_ERROR;
				CLANG_WARN_QUOTED_INCLUDE_IN_FRAMEWORK_HEADER = YES;
				CLANG_WARN_RANGE_LOOP_ANALYSIS = YES;
				CLANG_WARN_STRICT_PROTOTYPES = YES;
				CLANG_WARN_SUSPICIOUS_MOVE = YES;
				CLANG_WARN_UNGUARDED_AVAILABILITY = YES_AGGRESSIVE;
				CLANG_WARN_UNREACHABLE_CODE = YES;
				CLANG_WARN__DUPLICATE_METHOD_MATCH = YES;
				COPY_PHASE_STRIP = NO;
				DEBUG_INFORMATION_FORMAT = "dwarf-with-dsym";
				ENABLE_NS_ASSERTIONS = NO;
				ENABLE_STRICT_OBJC_MSGSEND = YES;
				GCC_C_LANGUAGE_STANDARD = gnu11;
				GCC_NO_COMMON_BLOCKS = YES;
				GCC_WARN_64_TO_32_BIT_CONVERSION = YES;
				GCC_WARN_ABOUT_RETURN_TYPE = YES_ERROR;
				GCC_WARN_UNDECLARED_SELECTOR = YES;
				GCC_WARN_UNINITIALIZED_AUTOS = YES_AGGRESSIVE;
				GCC_WARN_UNUSED_FUNCTION = YES;
				GCC_WARN_UNUSED_VARIABLE = YES;
				IPHONEOS_DEPLOYMENT_TARGET = 16.2;
				MTL_ENABLE_DEBUG_INFO = NO;
				MTL_FAST_MATH = YES;
				SDKROOT = iphoneos;
				SWIFT_COMPILATION_MODE = wholemodule;
				SWIFT_OPTIMIZATION_LEVEL = "-O";
				VALIDATE_PRODUCT = YES;
			};
			name = Release;
		};
		438364CA29C1977400C5EF36 /* Debug */ = {
			isa = XCBuildConfiguration;
			buildSettings = {
				ASSETCATALOG_COMPILER_APPICON_NAME = AppIcon;
				ASSETCATALOG_COMPILER_GLOBAL_ACCENT_COLOR_NAME = AccentColor;
				CODE_SIGN_STYLE = Automatic;
				CURRENT_PROJECT_VERSION = 1;
				DEVELOPMENT_ASSET_PATHS = "\"HealthGPT/Preview Content\"";
				DEVELOPMENT_TEAM = 6RRGNLDULJ;
				ENABLE_PREVIEWS = YES;
				GENERATE_INFOPLIST_FILE = YES;
				INFOPLIST_KEY_CFBundleDisplayName = "Health GPT";
				INFOPLIST_KEY_LSApplicationCategoryType = "public.app-category.healthcare-fitness";
				INFOPLIST_KEY_UIApplicationSceneManifest_Generation = YES;
				INFOPLIST_KEY_UIApplicationSupportsIndirectInputEvents = YES;
				INFOPLIST_KEY_UILaunchScreen_Generation = YES;
				INFOPLIST_KEY_UISupportedInterfaceOrientations_iPad = "UIInterfaceOrientationPortrait UIInterfaceOrientationPortraitUpsideDown UIInterfaceOrientationLandscapeLeft UIInterfaceOrientationLandscapeRight";
				INFOPLIST_KEY_UISupportedInterfaceOrientations_iPhone = "UIInterfaceOrientationPortrait UIInterfaceOrientationLandscapeLeft UIInterfaceOrientationLandscapeRight";
				IPHONEOS_DEPLOYMENT_TARGET = 16.1;
				LD_RUNPATH_SEARCH_PATHS = (
					"$(inherited)",
					"@executable_path/Frameworks",
				);
				MARKETING_VERSION = 1.0;
				PRODUCT_BUNDLE_IDENTIFIER = medhairya.HealthGPT;
				PRODUCT_NAME = "$(TARGET_NAME)";
				SWIFT_EMIT_LOC_STRINGS = YES;
				SWIFT_VERSION = 5.0;
				TARGETED_DEVICE_FAMILY = "1,2";
			};
			name = Debug;
		};
		438364CB29C1977400C5EF36 /* Release */ = {
			isa = XCBuildConfiguration;
			buildSettings = {
				ASSETCATALOG_COMPILER_APPICON_NAME = AppIcon;
				ASSETCATALOG_COMPILER_GLOBAL_ACCENT_COLOR_NAME = AccentColor;
				CODE_SIGN_STYLE = Automatic;
				CURRENT_PROJECT_VERSION = 1;
				DEVELOPMENT_ASSET_PATHS = "\"HealthGPT/Preview Content\"";
				DEVELOPMENT_TEAM = 6RRGNLDULJ;
				ENABLE_PREVIEWS = YES;
				GENERATE_INFOPLIST_FILE = YES;
				INFOPLIST_KEY_CFBundleDisplayName = "Health GPT";
				INFOPLIST_KEY_LSApplicationCategoryType = "public.app-category.healthcare-fitness";
				INFOPLIST_KEY_UIApplicationSceneManifest_Generation = YES;
				INFOPLIST_KEY_UIApplicationSupportsIndirectInputEvents = YES;
				INFOPLIST_KEY_UILaunchScreen_Generation = YES;
				INFOPLIST_KEY_UISupportedInterfaceOrientations_iPad = "UIInterfaceOrientationPortrait UIInterfaceOrientationPortraitUpsideDown UIInterfaceOrientationLandscapeLeft UIInterfaceOrientationLandscapeRight";
				INFOPLIST_KEY_UISupportedInterfaceOrientations_iPhone = "UIInterfaceOrientationPortrait UIInterfaceOrientationLandscapeLeft UIInterfaceOrientationLandscapeRight";
				IPHONEOS_DEPLOYMENT_TARGET = 16.1;
				LD_RUNPATH_SEARCH_PATHS = (
					"$(inherited)",
					"@executable_path/Frameworks",
				);
				MARKETING_VERSION = 1.0;
				PRODUCT_BUNDLE_IDENTIFIER = medhairya.HealthGPT;
				PRODUCT_NAME = "$(TARGET_NAME)";
				SWIFT_EMIT_LOC_STRINGS = YES;
				SWIFT_VERSION = 5.0;
				TARGETED_DEVICE_FAMILY = "1,2";
			};
			name = Release;
		};
		438364CD29C1977400C5EF36 /* Debug */ = {
			isa = XCBuildConfiguration;
			buildSettings = {
				ALWAYS_EMBED_SWIFT_STANDARD_LIBRARIES = YES;
				BUNDLE_LOADER = "$(TEST_HOST)";
				CODE_SIGN_STYLE = Automatic;
				CURRENT_PROJECT_VERSION = 1;
				DEVELOPMENT_TEAM = R94REX6YL6;
				GENERATE_INFOPLIST_FILE = YES;
				IPHONEOS_DEPLOYMENT_TARGET = 16.2;
				MARKETING_VERSION = 1.0;
				PRODUCT_BUNDLE_IDENTIFIER = medhairya.HealthGPTTests;
				PRODUCT_NAME = "$(TARGET_NAME)";
				SWIFT_EMIT_LOC_STRINGS = NO;
				SWIFT_VERSION = 5.0;
				TARGETED_DEVICE_FAMILY = "1,2";
				TEST_HOST = "$(BUILT_PRODUCTS_DIR)/HealthGPT.app/$(BUNDLE_EXECUTABLE_FOLDER_PATH)/HealthGPT";
			};
			name = Debug;
		};
		438364CE29C1977400C5EF36 /* Release */ = {
			isa = XCBuildConfiguration;
			buildSettings = {
				ALWAYS_EMBED_SWIFT_STANDARD_LIBRARIES = YES;
				BUNDLE_LOADER = "$(TEST_HOST)";
				CODE_SIGN_STYLE = Automatic;
				CURRENT_PROJECT_VERSION = 1;
				DEVELOPMENT_TEAM = R94REX6YL6;
				GENERATE_INFOPLIST_FILE = YES;
				IPHONEOS_DEPLOYMENT_TARGET = 16.2;
				MARKETING_VERSION = 1.0;
				PRODUCT_BUNDLE_IDENTIFIER = medhairya.HealthGPTTests;
				PRODUCT_NAME = "$(TARGET_NAME)";
				SWIFT_EMIT_LOC_STRINGS = NO;
				SWIFT_VERSION = 5.0;
				TARGETED_DEVICE_FAMILY = "1,2";
				TEST_HOST = "$(BUILT_PRODUCTS_DIR)/HealthGPT.app/$(BUNDLE_EXECUTABLE_FOLDER_PATH)/HealthGPT";
			};
			name = Release;
		};
		438364D029C1977400C5EF36 /* Debug */ = {
			isa = XCBuildConfiguration;
			buildSettings = {
				ALWAYS_EMBED_SWIFT_STANDARD_LIBRARIES = YES;
				CODE_SIGN_STYLE = Automatic;
				CURRENT_PROJECT_VERSION = 1;
				DEVELOPMENT_TEAM = R94REX6YL6;
				GENERATE_INFOPLIST_FILE = YES;
				MARKETING_VERSION = 1.0;
				PRODUCT_BUNDLE_IDENTIFIER = medhairya.HealthGPTUITests;
				PRODUCT_NAME = "$(TARGET_NAME)";
				SWIFT_EMIT_LOC_STRINGS = NO;
				SWIFT_VERSION = 5.0;
				TARGETED_DEVICE_FAMILY = "1,2";
				TEST_TARGET_NAME = HealthGPT;
			};
			name = Debug;
		};
		438364D129C1977400C5EF36 /* Release */ = {
			isa = XCBuildConfiguration;
			buildSettings = {
				ALWAYS_EMBED_SWIFT_STANDARD_LIBRARIES = YES;
				CODE_SIGN_STYLE = Automatic;
				CURRENT_PROJECT_VERSION = 1;
				DEVELOPMENT_TEAM = R94REX6YL6;
				GENERATE_INFOPLIST_FILE = YES;
				MARKETING_VERSION = 1.0;
				PRODUCT_BUNDLE_IDENTIFIER = medhairya.HealthGPTUITests;
				PRODUCT_NAME = "$(TARGET_NAME)";
				SWIFT_EMIT_LOC_STRINGS = NO;
				SWIFT_VERSION = 5.0;
				TARGETED_DEVICE_FAMILY = "1,2";
				TEST_TARGET_NAME = HealthGPT;
			};
			name = Release;
		};
/* End XCBuildConfiguration section */

/* Begin XCConfigurationList section */
		438364A029C1977200C5EF36 /* Build configuration list for PBXProject "HealthGPT" */ = {
			isa = XCConfigurationList;
			buildConfigurations = (
				438364C729C1977400C5EF36 /* Debug */,
				438364C829C1977400C5EF36 /* Release */,
			);
			defaultConfigurationIsVisible = 0;
			defaultConfigurationName = Release;
		};
		438364C929C1977400C5EF36 /* Build configuration list for PBXNativeTarget "HealthGPT" */ = {
			isa = XCConfigurationList;
			buildConfigurations = (
				438364CA29C1977400C5EF36 /* Debug */,
				438364CB29C1977400C5EF36 /* Release */,
			);
			defaultConfigurationIsVisible = 0;
			defaultConfigurationName = Release;
		};
		438364CC29C1977400C5EF36 /* Build configuration list for PBXNativeTarget "HealthGPTTests" */ = {
			isa = XCConfigurationList;
			buildConfigurations = (
				438364CD29C1977400C5EF36 /* Debug */,
				438364CE29C1977400C5EF36 /* Release */,
			);
			defaultConfigurationIsVisible = 0;
			defaultConfigurationName = Release;
		};
		438364CF29C1977400C5EF36 /* Build configuration list for PBXNativeTarget "HealthGPTUITests" */ = {
			isa = XCConfigurationList;
			buildConfigurations = (
				438364D029C1977400C5EF36 /* Debug */,
				438364D129C1977400C5EF36 /* Release */,
			);
			defaultConfigurationIsVisible = 0;
			defaultConfigurationName = Release;
		};
/* End XCConfigurationList section */

/* Begin XCRemoteSwiftPackageReference section */
		4312B7B029C2BAED001BA9CC /* XCRemoteSwiftPackageReference "Alamofire" */ = {
			isa = XCRemoteSwiftPackageReference;
			repositoryURL = "https://github.com/Alamofire/Alamofire";
			requirement = {
				kind = upToNextMajorVersion;
				minimumVersion = 5.0.0;
			};
		};
/* End XCRemoteSwiftPackageReference section */

/* Begin XCSwiftPackageProductDependency section */
		4312B7B129C2BAED001BA9CC /* Alamofire */ = {
			isa = XCSwiftPackageProductDependency;
			package = 4312B7B029C2BAED001BA9CC /* XCRemoteSwiftPackageReference "Alamofire" */;
			productName = Alamofire;
		};
/* End XCSwiftPackageProductDependency section */
	};
	rootObject = 4383649D29C1977200C5EF36 /* Project object */;
}
